
Microsoft Visual Studio Solution File, Format Version 12.00
# Visual Studio Version 16
VisualStudioVersion = 16.0.31613.86
MinimumVisualStudioVersion = 10.0.40219.1
Project("{8BC9CEB8-8B4A-11D0-8D11-00A0C91BC942}") = "Thomas_saether_Compulsory_2_blackJack", "Thomas_saether_Compulsory_2_blackJack\Thomas_saether_Compulsory_2_blackJack.vcxproj", "{B816B8CF-010F-4FED-8FEB-82F951823E6B}"
EndProject
Global
	GlobalSection(SolutionConfigurationPlatforms) = preSolution
		Debug|x64 = Debug|x64
		Debug|x86 = Debug|x86
		Release|x64 = Release|x64
		Release|x86 = Release|x86
	EndGlobalSection
	GlobalSection(ProjectConfigurationPlatforms) = postSolution
		{B816B8CF-010F-4FED-8FEB-82F951823E6B}.Debug|x64.ActiveCfg = Debug|x64
		{B816B8CF-010F-4FED-8FEB-82F951823E6B}.Debug|x64.Build.0 = Debug|x64
		{B816B8CF-010F-4FED-8FEB-82F951823E6B}.Debug|x86.ActiveCfg = Debug|Win32
		{B816B8CF-010F-4FED-8FEB-82F951823E6B}.Debug|x86.Build.0 = Debug|Win32
		{B816B8CF-010F-4FED-8FEB-82F951823E6B}.Release|x64.ActiveCfg = Release|x64
		{B816B8CF-010F-4FED-8FEB-82F951823E6B}.Release|x64.Build.0 = Release|x64
		{B816B8CF-010F-4FED-8FEB-82F951823E6B}.Release|x86.ActiveCfg = Release|Win32
		{B816B8CF-010F-4FED-8FEB-82F951823E6B}.Release|x86.Build.0 = Release|Win32
	EndGlobalSection
	GlobalSection(SolutionProperties) = preSolution
		HideSolutionNode = FALSE
	EndGlobalSection
	GlobalSection(ExtensibilityGlobals) = postSolution
		SolutionGuid = {56C31BEB-CB64-4069-A2F4-D46C855409C8}
	EndGlobalSection
EndGlobal
